// !$*UTF8*$!
{
	archiveVersion = 1;
	classes = {
	};
	objectVersion = 46;
	objects = {

/* Begin PBXBuildFile section */
		9A07C6051F4A706E008946CC /* AppDelegate.swift in Sources */ = {isa = PBXBuildFile; fileRef = 9A07C6041F4A706E008946CC /* AppDelegate.swift */; };
		9A07C6071F4A706E008946CC /* ViewController.swift in Sources */ = {isa = PBXBuildFile; fileRef = 9A07C6061F4A706E008946CC /* ViewController.swift */; };
		9A07C60A1F4A706E008946CC /* Main.storyboard in Resources */ = {isa = PBXBuildFile; fileRef = 9A07C6081F4A706E008946CC /* Main.storyboard */; };
		9A07C60C1F4A706F008946CC /* Assets.xcassets in Resources */ = {isa = PBXBuildFile; fileRef = 9A07C60B1F4A706F008946CC /* Assets.xcassets */; };
		9A07C60F1F4A706F008946CC /* LaunchScreen.storyboard in Resources */ = {isa = PBXBuildFile; fileRef = 9A07C60D1F4A706F008946CC /* LaunchScreen.storyboard */; };
		9A07C61A1F4A706F008946CC /* secondTests.swift in Sources */ = {isa = PBXBuildFile; fileRef = 9A07C6191F4A706F008946CC /* secondTests.swift */; };
		9A07C6251F4A706F008946CC /* secondUITests.swift in Sources */ = {isa = PBXBuildFile; fileRef = 9A07C6241F4A706F008946CC /* secondUITests.swift */; };
		9A2AA1151F4BD9DD00CB4DCD /* UIViewController+Navigation.swift in Sources */ = {isa = PBXBuildFile; fileRef = 9A2AA1141F4BD9DD00CB4DCD /* UIViewController+Navigation.swift */; };
		9A2AA1191F4BE1C500CB4DCD /* CustomButton.swift in Sources */ = {isa = PBXBuildFile; fileRef = 9A2AA1181F4BE1C500CB4DCD /* CustomButton.swift */; };
		9A2AA11B1F4BE40D00CB4DCD /* CustomTableViewController.swift in Sources */ = {isa = PBXBuildFile; fileRef = 9A2AA11A1F4BE40D00CB4DCD /* CustomTableViewController.swift */; };
/* End PBXBuildFile section */

/* Begin PBXContainerItemProxy section */
		9A07C6161F4A706F008946CC /* PBXContainerItemProxy */ = {
			isa = PBXContainerItemProxy;
			containerPortal = 9A07C5F91F4A706E008946CC /* Project object */;
			proxyType = 1;
			remoteGlobalIDString = 9A07C6001F4A706E008946CC;
			remoteInfo = second;
		};
		9A07C6211F4A706F008946CC /* PBXContainerItemProxy */ = {
			isa = PBXContainerItemProxy;
			containerPortal = 9A07C5F91F4A706E008946CC /* Project object */;
			proxyType = 1;
			remoteGlobalIDString = 9A07C6001F4A706E008946CC;
			remoteInfo = second;
		};
/* End PBXContainerItemProxy section */

/* Begin PBXFileReference section */
		9A07C6011F4A706E008946CC /* second.app */ = {isa = PBXFileReference; explicitFileType = wrapper.application; includeInIndex = 0; path = second.app; sourceTree = BUILT_PRODUCTS_DIR; };
		9A07C6041F4A706E008946CC /* AppDelegate.swift */ = {isa = PBXFileReference; lastKnownFileType = sourcecode.swift; path = AppDelegate.swift; sourceTree = "<group>"; };
		9A07C6061F4A706E008946CC /* ViewController.swift */ = {isa = PBXFileReference; lastKnownFileType = sourcecode.swift; path = ViewController.swift; sourceTree = "<group>"; };
		9A07C6091F4A706E008946CC /* Base */ = {isa = PBXFileReference; lastKnownFileType = file.storyboard; name = Base; path = Base.lproj/Main.storyboard; sourceTree = "<group>"; };
		9A07C60B1F4A706F008946CC /* Assets.xcassets */ = {isa = PBXFileReference; lastKnownFileType = folder.assetcatalog; path = Assets.xcassets; sourceTree = "<group>"; };
		9A07C60E1F4A706F008946CC /* Base */ = {isa = PBXFileReference; lastKnownFileType = file.storyboard; name = Base; path = Base.lproj/LaunchScreen.storyboard; sourceTree = "<group>"; };
		9A07C6101F4A706F008946CC /* Info.plist */ = {isa = PBXFileReference; lastKnownFileType = text.plist.xml; path = Info.plist; sourceTree = "<group>"; };
		9A07C6151F4A706F008946CC /* secondTests.xctest */ = {isa = PBXFileReference; explicitFileType = wrapper.cfbundle; includeInIndex = 0; path = secondTests.xctest; sourceTree = BUILT_PRODUCTS_DIR; };
		9A07C6191F4A706F008946CC /* secondTests.swift */ = {isa = PBXFileReference; lastKnownFileType = sourcecode.swift; path = secondTests.swift; sourceTree = "<group>"; };
		9A07C61B1F4A706F008946CC /* Info.plist */ = {isa = PBXFileReference; lastKnownFileType = text.plist.xml; path = Info.plist; sourceTree = "<group>"; };
		9A07C6201F4A706F008946CC /* secondUITests.xctest */ = {isa = PBXFileReference; explicitFileType = wrapper.cfbundle; includeInIndex = 0; path = secondUITests.xctest; sourceTree = BUILT_PRODUCTS_DIR; };
		9A07C6241F4A706F008946CC /* secondUITests.swift */ = {isa = PBXFileReference; lastKnownFileType = sourcecode.swift; path = secondUITests.swift; sourceTree = "<group>"; };
		9A07C6261F4A706F008946CC /* Info.plist */ = {isa = PBXFileReference; lastKnownFileType = text.plist.xml; path = Info.plist; sourceTree = "<group>"; };
		9A2AA1141F4BD9DD00CB4DCD /* UIViewController+Navigation.swift */ = {isa = PBXFileReference; fileEncoding = 4; lastKnownFileType = sourcecode.swift; path = "UIViewController+Navigation.swift"; sourceTree = "<group>"; };
		9A2AA1181F4BE1C500CB4DCD /* CustomButton.swift */ = {isa = PBXFileReference; fileEncoding = 4; lastKnownFileType = sourcecode.swift; path = CustomButton.swift; sourceTree = "<group>"; };
		9A2AA11A1F4BE40D00CB4DCD /* CustomTableViewController.swift */ = {isa = PBXFileReference; fileEncoding = 4; lastKnownFileType = sourcecode.swift; path = CustomTableViewController.swift; sourceTree = "<group>"; };
/* End PBXFileReference section */

/* Begin PBXFrameworksBuildPhase section */
		9A07C5FE1F4A706E008946CC /* Frameworks */ = {
			isa = PBXFrameworksBuildPhase;
			buildActionMask = 2147483647;
			files = (
			);
			runOnlyForDeploymentPostprocessing = 0;
		};
		9A07C6121F4A706F008946CC /* Frameworks */ = {
			isa = PBXFrameworksBuildPhase;
			buildActionMask = 2147483647;
			files = (
			);
			runOnlyForDeploymentPostprocessing = 0;
		};
		9A07C61D1F4A706F008946CC /* Frameworks */ = {
			isa = PBXFrameworksBuildPhase;
			buildActionMask = 2147483647;
			files = (
			);
			runOnlyForDeploymentPostprocessing = 0;
		};
/* End PBXFrameworksBuildPhase section */

/* Begin PBXGroup section */
		9A07C5F81F4A706E008946CC = {
			isa = PBXGroup;
			children = (
				9A07C6031F4A706E008946CC /* second */,
				9A07C6181F4A706F008946CC /* secondTests */,
				9A07C6231F4A706F008946CC /* secondUITests */,
				9A07C6021F4A706E008946CC /* Products */,
			);
			sourceTree = "<group>";
		};
		9A07C6021F4A706E008946CC /* Products */ = {
			isa = PBXGroup;
			children = (
				9A07C6011F4A706E008946CC /* second.app */,
				9A07C6151F4A706F008946CC /* secondTests.xctest */,
				9A07C6201F4A706F008946CC /* secondUITests.xctest */,
			);
			name = Products;
			sourceTree = "<group>";
		};
		9A07C6031F4A706E008946CC /* second */ = {
			isa = PBXGroup;
			children = (
				9A2AA1141F4BD9DD00CB4DCD /* UIViewController+Navigation.swift */,
				9A07C6041F4A706E008946CC /* AppDelegate.swift */,
				9A07C6061F4A706E008946CC /* ViewController.swift */,
				9A07C6081F4A706E008946CC /* Main.storyboard */,
				9A2AA1181F4BE1C500CB4DCD /* CustomButton.swift */,
				9A07C60B1F4A706F008946CC /* Assets.xcassets */,
				9A07C60D1F4A706F008946CC /* LaunchScreen.storyboard */,
				9A07C6101F4A706F008946CC /* Info.plist */,
				9A2AA11A1F4BE40D00CB4DCD /* CustomTableViewController.swift */,
			);
			path = second;
			sourceTree = "<group>";
		};
		9A07C6181F4A706F008946CC /* secondTests */ = {
			isa = PBXGroup;
			children = (
				9A07C6191F4A706F008946CC /* secondTests.swift */,
				9A07C61B1F4A706F008946CC /* Info.plist */,
			);
			path = secondTests;
			sourceTree = "<group>";
		};
		9A07C6231F4A706F008946CC /* secondUITests */ = {
			isa = PBXGroup;
			children = (
				9A07C6241F4A706F008946CC /* secondUITests.swift */,
				9A07C6261F4A706F008946CC /* Info.plist */,
			);
			path = secondUITests;
			sourceTree = "<group>";
		};
/* End PBXGroup section */

/* Begin PBXNativeTarget section */
		9A07C6001F4A706E008946CC /* second */ = {
			isa = PBXNativeTarget;
			buildConfigurationList = 9A07C6291F4A706F008946CC /* Build configuration list for PBXNativeTarget "second" */;
			buildPhases = (
				9A07C5FD1F4A706E008946CC /* Sources */,
				9A07C5FE1F4A706E008946CC /* Frameworks */,
				9A07C5FF1F4A706E008946CC /* Resources */,
			);
			buildRules = (
			);
			dependencies = (
			);
			name = second;
			productName = second;
			productReference = 9A07C6011F4A706E008946CC /* second.app */;
			productType = "com.apple.product-type.application";
		};
		9A07C6141F4A706F008946CC /* secondTests */ = {
			isa = PBXNativeTarget;
			buildConfigurationList = 9A07C62C1F4A706F008946CC /* Build configuration list for PBXNativeTarget "secondTests" */;
			buildPhases = (
				9A07C6111F4A706F008946CC /* Sources */,
				9A07C6121F4A706F008946CC /* Frameworks */,
				9A07C6131F4A706F008946CC /* Resources */,
			);
			buildRules = (
			);
			dependencies = (
				9A07C6171F4A706F008946CC /* PBXTargetDependency */,
			);
			name = secondTests;
			productName = secondTests;
			productReference = 9A07C6151F4A706F008946CC /* secondTests.xctest */;
			productType = "com.apple.product-type.bundle.unit-test";
		};
		9A07C61F1F4A706F008946CC /* secondUITests */ = {
			isa = PBXNativeTarget;
			buildConfigurationList = 9A07C62F1F4A706F008946CC /* Build configuration list for PBXNativeTarget "secondUITests" */;
			buildPhases = (
				9A07C61C1F4A706F008946CC /* Sources */,
				9A07C61D1F4A706F008946CC /* Frameworks */,
				9A07C61E1F4A706F008946CC /* Resources */,
			);
			buildRules = (
			);
			dependencies = (
				9A07C6221F4A706F008946CC /* PBXTargetDependency */,
			);
			name = secondUITests;
			productName = secondUITests;
			productReference = 9A07C6201F4A706F008946CC /* secondUITests.xctest */;
			productType = "com.apple.product-type.bundle.ui-testing";
		};
/* End PBXNativeTarget section */

/* Begin PBXProject section */
		9A07C5F91F4A706E008946CC /* Project object */ = {
			isa = PBXProject;
			attributes = {
				LastSwiftUpdateCheck = 0830;
				LastUpgradeCheck = 0830;
				ORGANIZATIONNAME = hjy;
				TargetAttributes = {
					9A07C6001F4A706E008946CC = {
						CreatedOnToolsVersion = 8.3.3;
						ProvisioningStyle = Automatic;
					};
					9A07C6141F4A706F008946CC = {
						CreatedOnToolsVersion = 8.3.3;
						ProvisioningStyle = Automatic;
						TestTargetID = 9A07C6001F4A706E008946CC;
					};
					9A07C61F1F4A706F008946CC = {
						CreatedOnToolsVersion = 8.3.3;
						ProvisioningStyle = Automatic;
						TestTargetID = 9A07C6001F4A706E008946CC;
					};
				};
			};
			buildConfigurationList = 9A07C5FC1F4A706E008946CC /* Build configuration list for PBXProject "second" */;
			compatibilityVersion = "Xcode 3.2";
			developmentRegion = English;
			hasScannedForEncodings = 0;
			knownRegions = (
				en,
				Base,
			);
			mainGroup = 9A07C5F81F4A706E008946CC;
			productRefGroup = 9A07C6021F4A706E008946CC /* Products */;
			projectDirPath = "";
			projectRoot = "";
			targets = (
				9A07C6001F4A706E008946CC /* second */,
				9A07C6141F4A706F008946CC /* secondTests */,
				9A07C61F1F4A706F008946CC /* secondUITests */,
			);
		};
/* End PBXProject section */

/* Begin PBXResourcesBuildPhase section */
		9A07C5FF1F4A706E008946CC /* Resources */ = {
			isa = PBXResourcesBuildPhase;
			buildActionMask = 2147483647;
			files = (
				9A07C60F1F4A706F008946CC /* LaunchScreen.storyboard in Resources */,
				9A07C60C1F4A706F008946CC /* Assets.xcassets in Resources */,
				9A07C60A1F4A706E008946CC /* Main.storyboard in Resources */,
			);
			runOnlyForDeploymentPostprocessing = 0;
		};
		9A07C6131F4A706F008946CC /* Resources */ = {
			isa = PBXResourcesBuildPhase;
			buildActionMask = 2147483647;
			files = (
			);
			runOnlyForDeploymentPostprocessing = 0;
		};
		9A07C61E1F4A706F008946CC /* Resources */ = {
			isa = PBXResourcesBuildPhase;
			buildActionMask = 2147483647;
			files = (
			);
			runOnlyForDeploymentPostprocessing = 0;
		};
/* End PBXResourcesBuildPhase section */

/* Begin PBXSourcesBuildPhase section */
		9A07C5FD1F4A706E008946CC /* Sources */ = {
			isa = PBXSourcesBuildPhase;
			buildActionMask = 2147483647;
			files = (
				9A2AA1191F4BE1C500CB4DCD /* CustomButton.swift in Sources */,
				9A2AA1151F4BD9DD00CB4DCD /* UIViewController+Navigation.swift in Sources */,
				9A07C6071F4A706E008946CC /* ViewController.swift in Sources */,
				9A07C6051F4A706E008946CC /* AppDelegate.swift in Sources */,
				9A2AA11B1F4BE40D00CB4DCD /* CustomTableViewController.swift in Sources */,
			);
			runOnlyForDeploymentPostprocessing = 0;
		};
		9A07C6111F4A706F008946CC /* Sources */ = {
			isa = PBXSourcesBuildPhase;
			buildActionMask = 2147483647;
			files = (
				9A07C61A1F4A706F008946CC /* secondTests.swift in Sources */,
			);
			runOnlyForDeploymentPostprocessing = 0;
		};
		9A07C61C1F4A706F008946CC /* Sources */ = {
			isa = PBXSourcesBuildPhase;
			buildActionMask = 2147483647;
			files = (
				9A07C6251F4A706F008946CC /* secondUITests.swift in Sources */,
			);
			runOnlyForDeploymentPostprocessing = 0;
		};
/* End PBXSourcesBuildPhase section */

/* Begin PBXTargetDependency section */
		9A07C6171F4A706F008946CC /* PBXTargetDependency */ = {
			isa = PBXTargetDependency;
			target = 9A07C6001F4A706E008946CC /* second */;
			targetProxy = 9A07C6161F4A706F008946CC /* PBXContainerItemProxy */;
		};
		9A07C6221F4A706F008946CC /* PBXTargetDependency */ = {
			isa = PBXTargetDependency;
			target = 9A07C6001F4A706E008946CC /* second */;
			targetProxy = 9A07C6211F4A706F008946CC /* PBXContainerItemProxy */;
		};
/* End PBXTargetDependency section */

/* Begin PBXVariantGroup section */
		9A07C6081F4A706E008946CC /* Main.storyboard */ = {
			isa = PBXVariantGroup;
			children = (
				9A07C6091F4A706E008946CC /* Base */,
			);
			name = Main.storyboard;
			sourceTree = "<group>";
		};
		9A07C60D1F4A706F008946CC /* LaunchScreen.storyboard */ = {
			isa = PBXVariantGroup;
			children = (
				9A07C60E1F4A706F008946CC /* Base */,
			);
			name = LaunchScreen.storyboard;
			sourceTree = "<group>";
		};
/* End PBXVariantGroup section */

/* Begin XCBuildConfiguration section */
		9A07C6271F4A706F008946CC /* Debug */ = {
			isa = XCBuildConfiguration;
			buildSettings = {
				ALWAYS_SEARCH_USER_PATHS = NO;
				CLANG_ANALYZER_NONNULL = YES;
				CLANG_ANALYZER_NUMBER_OBJECT_CONVERSION = YES_AGGRESSIVE;
				CLANG_CXX_LANGUAGE_STANDARD = "gnu++0x";
				CLANG_CXX_LIBRARY = "libc++";
				CLANG_ENABLE_MODULES = YES;
				CLANG_ENABLE_OBJC_ARC = YES;
				CLANG_WARN_BOOL_CONVERSION = YES;
				CLANG_WARN_CONSTANT_CONVERSION = YES;
				CLANG_WARN_DIRECT_OBJC_ISA_USAGE = YES_ERROR;
				CLANG_WARN_DOCUMENTATION_COMMENTS = YES;
				CLANG_WARN_EMPTY_BODY = YES;
				CLANG_WARN_ENUM_CONVERSION = YES;
				CLANG_WARN_INFINITE_RECURSION = YES;
				CLANG_WARN_INT_CONVERSION = YES;
				CLANG_WARN_OBJC_ROOT_CLASS = YES_ERROR;
				CLANG_WARN_SUSPICIOUS_MOVE = YES;
				CLANG_WARN_UNREACHABLE_CODE = YES;
				CLANG_WARN__DUPLICATE_METHOD_MATCH = YES;
				"CODE_SIGN_IDENTITY[sdk=iphoneos*]" = "iPhone Developer";
				COPY_PHASE_STRIP = NO;
				DEBUG_INFORMATION_FORMAT = dwarf;
				ENABLE_STRICT_OBJC_MSGSEND = YES;
				ENABLE_TESTABILITY = YES;
				GCC_C_LANGUAGE_STANDARD = gnu99;
				GCC_DYNAMIC_NO_PIC = NO;
				GCC_NO_COMMON_BLOCKS = YES;
				GCC_OPTIMIZATION_LEVEL = 0;
				GCC_PREPROCESSOR_DEFINITIONS = (
					"DEBUG=1",
					"$(inherited)",
				);
				GCC_WARN_64_TO_32_BIT_CONVERSION = YES;
				GCC_WARN_ABOUT_RETURN_TYPE = YES_ERROR;
				GCC_WARN_UNDECLARED_SELECTOR = YES;
				GCC_WARN_UNINITIALIZED_AUTOS = YES_AGGRESSIVE;
				GCC_WARN_UNUSED_FUNCTION = YES;
				GCC_WARN_UNUSED_VARIABLE = YES;
				IPHONEOS_DEPLOYMENT_TARGET = 10.3;
				MTL_ENABLE_DEBUG_INFO = YES;
				ONLY_ACTIVE_ARCH = YES;
				SDKROOT = iphoneos;
				SWIFT_ACTIVE_COMPILATION_CONDITIONS = DEBUG;
				SWIFT_OPTIMIZATION_LEVEL = "-Onone";
				TARGETED_DEVICE_FAMILY = "1,2";
			};
			name = Debug;
		};
		9A07C6281F4A706F008946CC /* Release */ = {
			isa = XCBuildConfiguration;
			buildSettings = {
				ALWAYS_SEARCH_USER_PATHS = NO;
				CLANG_ANALYZER_NONNULL = YES;
				CLANG_ANALYZER_NUMBER_OBJECT_CONVERSION = YES_AGGRESSIVE;
				CLANG_CXX_LANGUAGE_STANDARD = "gnu++0x";
				CLANG_CXX_LIBRARY = "libc++";
				CLANG_ENABLE_MODULES = YES;
				CLANG_ENABLE_OBJC_ARC = YES;
				CLANG_WARN_BOOL_CONVERSION = YES;
				CLANG_WARN_CONSTANT_CONVERSION = YES;
				CLANG_WARN_DIRECT_OBJC_ISA_USAGE = YES_ERROR;
				CLANG_WARN_DOCUMENTATION_COMMENTS = YES;
				CLANG_WARN_EMPTY_BODY = YES;
				CLANG_WARN_ENUM_CONVERSION = YES;
				CLANG_WARN_INFINITE_RECURSION = YES;
				CLANG_WARN_INT_CONVERSION = YES;
				CLANG_WARN_OBJC_ROOT_CLASS = YES_ERROR;
				CLANG_WARN_SUSPICIOUS_MOVE = YES;
				CLANG_WARN_UNREACHABLE_CODE = YES;
				CLANG_WARN__DUPLICATE_METHOD_MATCH = YES;
				"CODE_SIGN_IDENTITY[sdk=iphoneos*]" = "iPhone Developer";
				COPY_PHASE_STRIP = NO;
				DEBUG_INFORMATION_FORMAT = "dwarf-with-dsym";
				ENABLE_NS_ASSERTIONS = NO;
				ENABLE_STRICT_OBJC_MSGSEND = YES;
				GCC_C_LANGUAGE_STANDARD = gnu99;
				GCC_NO_COMMON_BLOCKS = YES;
				GCC_WARN_64_TO_32_BIT_CONVERSION = YES;
				GCC_WARN_ABOUT_RETURN_TYPE = YES_ERROR;
				GCC_WARN_UNDECLARED_SELECTOR = YES;
				GCC_WARN_UNINITIALIZED_AUTOS = YES_AGGRESSIVE;
				GCC_WARN_UNUSED_FUNCTION = YES;
				GCC_WARN_UNUSED_VARIABLE = YES;
				IPHONEOS_DEPLOYMENT_TARGET = 10.3;
				MTL_ENABLE_DEBUG_INFO = NO;
				SDKROOT = iphoneos;
				SWIFT_OPTIMIZATION_LEVEL = "-Owholemodule";
				TARGETED_DEVICE_FAMILY = "1,2";
				VALIDATE_PRODUCT = YES;
			};
			name = Release;
		};
		9A07C62A1F4A706F008946CC /* Debug */ = {
			isa = XCBuildConfiguration;
			buildSettings = {
				ASSETCATALOG_COMPILER_APPICON_NAME = AppIcon;
				INFOPLIST_FILE = second/Info.plist;
				LD_RUNPATH_SEARCH_PATHS = "$(inherited) @executable_path/Frameworks";
				PRODUCT_BUNDLE_IDENTIFIER = hjy.second;
				PRODUCT_NAME = "$(TARGET_NAME)";
				SWIFT_VERSION = 3.0;
			};
			name = Debug;
		};
		9A07C62B1F4A706F008946CC /* Release */ = {
			isa = XCBuildConfiguration;
			buildSettings = {
				ASSETCATALOG_COMPILER_APPICON_NAME = AppIcon;
				INFOPLIST_FILE = second/Info.plist;
				LD_RUNPATH_SEARCH_PATHS = "$(inherited) @executable_path/Frameworks";
				PRODUCT_BUNDLE_IDENTIFIER = hjy.second;
				PRODUCT_NAME = "$(TARGET_NAME)";
				SWIFT_VERSION = 3.0;
			};
			name = Release;
		};
		9A07C62D1F4A706F008946CC /* Debug */ = {
			isa = XCBuildConfiguration;
			buildSettings = {
				ALWAYS_EMBED_SWIFT_STANDARD_LIBRARIES = YES;
				BUNDLE_LOADER = "$(TEST_HOST)";
				INFOPLIST_FILE = secondTests/Info.plist;
				LD_RUNPATH_SEARCH_PATHS = "$(inherited) @executable_path/Frameworks @loader_path/Frameworks";
				PRODUCT_BUNDLE_IDENTIFIER = hjy.secondTests;
				PRODUCT_NAME = "$(TARGET_NAME)";
				SWIFT_VERSION = 3.0;
				TEST_HOST = "$(BUILT_PRODUCTS_DIR)/second.app/second";
			};
			name = Debug;
		};
		9A07C62E1F4A706F008946CC /* Release */ = {
			isa = XCBuildConfiguration;
			buildSettings = {
				ALWAYS_EMBED_SWIFT_STANDARD_LIBRARIES = YES;
				BUNDLE_LOADER = "$(TEST_HOST)";
				INFOPLIST_FILE = secondTests/Info.plist;
				LD_RUNPATH_SEARCH_PATHS = "$(inherited) @executable_path/Frameworks @loader_path/Frameworks";
				PRODUCT_BUNDLE_IDENTIFIER = hjy.secondTests;
				PRODUCT_NAME = "$(TARGET_NAME)";
				SWIFT_VERSION = 3.0;
				TEST_HOST = "$(BUILT_PRODUCTS_DIR)/second.app/second";
			};
			name = Release;
		};
		9A07C6301F4A706F008946CC /* Debug */ = {
			isa = XCBuildConfiguration;
			buildSettings = {
				ALWAYS_EMBED_SWIFT_STANDARD_LIBRARIES = YES;
				INFOPLIST_FILE = secondUITests/Info.plist;
				LD_RUNPATH_SEARCH_PATHS = "$(inherited) @executable_path/Frameworks @loader_path/Frameworks";
				PRODUCT_BUNDLE_IDENTIFIER = hjy.secondUITests;
				PRODUCT_NAME = "$(TARGET_NAME)";
				SWIFT_VERSION = 3.0;
				TEST_TARGET_NAME = second;
			};
			name = Debug;
		};
		9A07C6311F4A706F008946CC /* Release */ = {
			isa = XCBuildConfiguration;
			buildSettings = {
				ALWAYS_EMBED_SWIFT_STANDARD_LIBRARIES = YES;
				INFOPLIST_FILE = secondUITests/Info.plist;
				LD_RUNPATH_SEARCH_PATHS = "$(inherited) @executable_path/Frameworks @loader_path/Frameworks";
				PRODUCT_BUNDLE_IDENTIFIER = hjy.secondUITests;
				PRODUCT_NAME = "$(TARGET_NAME)";
				SWIFT_VERSION = 3.0;
				TEST_TARGET_NAME = second;
			};
			name = Release;
		};
/* End XCBuildConfiguration section */

/* Begin XCConfigurationList section */
		9A07C5FC1F4A706E008946CC /* Build configuration list for PBXProject "second" */ = {
			isa = XCConfigurationList;
			buildConfigurations = (
				9A07C6271F4A706F008946CC /* Debug */,
				9A07C6281F4A706F008946CC /* Release */,
			);
			defaultConfigurationIsVisible = 0;
			defaultConfigurationName = Release;
		};
		9A07C6291F4A706F008946CC /* Build configuration list for PBXNativeTarget "second" */ = {
			isa = XCConfigurationList;
			buildConfigurations = (
				9A07C62A1F4A706F008946CC /* Debug */,
				9A07C62B1F4A706F008946CC /* Release */,
			);
			defaultConfigurationIsVisible = 0;
			defaultConfigurationName = Release;
		};
		9A07C62C1F4A706F008946CC /* Build configuration list for PBXNativeTarget "secondTests" */ = {
			isa = XCConfigurationList;
			buildConfigurations = (
				9A07C62D1F4A706F008946CC /* Debug */,
				9A07C62E1F4A706F008946CC /* Release */,
			);
			defaultConfigurationIsVisible = 0;
			defaultConfigurationName = Release;
		};
		9A07C62F1F4A706F008946CC /* Build configuration list for PBXNativeTarget "secondUITests" */ = {
			isa = XCConfigurationList;
			buildConfigurations = (
				9A07C6301F4A706F008946CC /* Debug */,
				9A07C6311F4A706F008946CC /* Release */,
			);
			defaultConfigurationIsVisible = 0;
			defaultConfigurationName = Release;
		};
/* End XCConfigurationList section */
	};
	rootObject = 9A07C5F91F4A706E008946CC /* Project object */;
}
